
Microsoft Visual Studio Solution File, Format Version 12.00
# Visual Studio Version 16
VisualStudioVersion = 16.0.30330.147
MinimumVisualStudioVersion = 10.0.40219.1
Project("{FAE04EC0-301F-11D3-BF4B-00C04F79EFBC}") = "Mozi.HttpEmbedded", "Mozi.HttpEmbedded\Mozi.HttpEmbedded.csproj", "{051C3F42-0A53-4A78-A961-28FFA8C17B46}"
EndProject
Project("{FAE04EC0-301F-11D3-BF4B-00C04F79EFBC}") = "Mozi.HttpEmbedded.Test", "Mozi.HttpEmbedded.Test\Mozi.HttpEmbedded.Test.csproj", "{3B2BFA0E-804F-4CB5-B77C-4F1856E6D223}"
EndProject
Project("{FAE04EC0-301F-11D3-BF4B-00C04F79EFBC}") = "Mozi.SSDP", "Mozi.SSDP\Mozi.SSDP.csproj", "{9A64BE58-2308-4F54-8BDE-7FE7154B0058}"
EndProject
Global
	GlobalSection(SolutionConfigurationPlatforms) = preSolution
		Debug|Any CPU = Debug|Any CPU
		Debug|x86 = Debug|x86
		Release|Any CPU = Release|Any CPU
		Release|x86 = Release|x86
		ReleaseBinaries|Any CPU = ReleaseBinaries|Any CPU
		ReleaseBinaries|x86 = ReleaseBinaries|x86
	EndGlobalSection
	GlobalSection(ProjectConfigurationPlatforms) = postSolution
		{051C3F42-0A53-4A78-A961-28FFA8C17B46}.Debug|Any CPU.ActiveCfg = Debug|x86
		{051C3F42-0A53-4A78-A961-28FFA8C17B46}.Debug|x86.ActiveCfg = Debug|x86
		{051C3F42-0A53-4A78-A961-28FFA8C17B46}.Debug|x86.Build.0 = Debug|x86
		{051C3F42-0A53-4A78-A961-28FFA8C17B46}.Release|Any CPU.ActiveCfg = Release|x86
		{051C3F42-0A53-4A78-A961-28FFA8C17B46}.Release|x86.ActiveCfg = Release|x86
		{051C3F42-0A53-4A78-A961-28FFA8C17B46}.Release|x86.Build.0 = Release|x86
		{051C3F42-0A53-4A78-A961-28FFA8C17B46}.ReleaseBinaries|Any CPU.ActiveCfg = Release|x86
		{051C3F42-0A53-4A78-A961-28FFA8C17B46}.ReleaseBinaries|Any CPU.Build.0 = Release|x86
		{051C3F42-0A53-4A78-A961-28FFA8C17B46}.ReleaseBinaries|x86.ActiveCfg = Release|x86
		{051C3F42-0A53-4A78-A961-28FFA8C17B46}.ReleaseBinaries|x86.Build.0 = Release|x86
		{3B2BFA0E-804F-4CB5-B77C-4F1856E6D223}.Debug|Any CPU.ActiveCfg = Debug|Any CPU
		{3B2BFA0E-804F-4CB5-B77C-4F1856E6D223}.Debug|Any CPU.Build.0 = Debug|Any CPU
		{3B2BFA0E-804F-4CB5-B77C-4F1856E6D223}.Debug|x86.ActiveCfg = Debug|Any CPU
		{3B2BFA0E-804F-4CB5-B77C-4F1856E6D223}.Debug|x86.Build.0 = Debug|Any CPU
		{3B2BFA0E-804F-4CB5-B77C-4F1856E6D223}.Release|Any CPU.ActiveCfg = Release|Any CPU
		{3B2BFA0E-804F-4CB5-B77C-4F1856E6D223}.Release|Any CPU.Build.0 = Release|Any CPU
		{3B2BFA0E-804F-4CB5-B77C-4F1856E6D223}.Release|x86.ActiveCfg = Release|Any CPU
		{3B2BFA0E-804F-4CB5-B77C-4F1856E6D223}.Release|x86.Build.0 = Release|Any CPU
		{3B2BFA0E-804F-4CB5-B77C-4F1856E6D223}.ReleaseBinaries|Any CPU.ActiveCfg = Release|Any CPU
		{3B2BFA0E-804F-4CB5-B77C-4F1856E6D223}.ReleaseBinaries|Any CPU.Build.0 = Release|Any CPU
		{3B2BFA0E-804F-4CB5-B77C-4F1856E6D223}.ReleaseBinaries|x86.ActiveCfg = Release|Any CPU
		{3B2BFA0E-804F-4CB5-B77C-4F1856E6D223}.ReleaseBinaries|x86.Build.0 = Release|Any CPU
		{9A64BE58-2308-4F54-8BDE-7FE7154B0058}.Debug|Any CPU.ActiveCfg = Debug|Any CPU
		{9A64BE58-2308-4F54-8BDE-7FE7154B0058}.Debug|Any CPU.Build.0 = Debug|Any CPU
		{9A64BE58-2308-4F54-8BDE-7FE7154B0058}.Debug|x86.ActiveCfg = Debug|Any CPU
		{9A64BE58-2308-4F54-8BDE-7FE7154B0058}.Debug|x86.Build.0 = Debug|Any CPU
		{9A64BE58-2308-4F54-8BDE-7FE7154B0058}.Release|Any CPU.ActiveCfg = Release|Any CPU
		{9A64BE58-2308-4F54-8BDE-7FE7154B0058}.Release|Any CPU.Build.0 = Release|Any CPU
		{9A64BE58-2308-4F54-8BDE-7FE7154B0058}.Release|x86.ActiveCfg = Release|Any CPU
		{9A64BE58-2308-4F54-8BDE-7FE7154B0058}.Release|x86.Build.0 = Release|Any CPU
		{9A64BE58-2308-4F54-8BDE-7FE7154B0058}.ReleaseBinaries|Any CPU.ActiveCfg = Release|Any CPU
		{9A64BE58-2308-4F54-8BDE-7FE7154B0058}.ReleaseBinaries|Any CPU.Build.0 = Release|Any CPU
		{9A64BE58-2308-4F54-8BDE-7FE7154B0058}.ReleaseBinaries|x86.ActiveCfg = Release|Any CPU
		{9A64BE58-2308-4F54-8BDE-7FE7154B0058}.ReleaseBinaries|x86.Build.0 = Release|Any CPU
	EndGlobalSection
	GlobalSection(SolutionProperties) = preSolution
		HideSolutionNode = FALSE
	EndGlobalSection
	GlobalSection(ExtensibilityGlobals) = postSolution
		SolutionGuid = {F418C6F4-7675-411F-B07A-188AE793196B}
	EndGlobalSection
EndGlobal
